
Microsoft Visual Studio Solution File, Format Version 12.00
# Visual Studio Version 17
VisualStudioVersion = 17.7.34221.43
MinimumVisualStudioVersion = 10.0.40219.1
Project("{9A19103F-16F7-4668-BE54-9A1E7A4F7556}") = "VideoConference", "VideoConference.csproj", "{A79C4DDE-7B91-4FEF-BCDE-555040426D95}"
EndProject
Project("{FAE04EC0-301F-11D3-BF4B-00C04F79EFBC}") = "VideoConferenceTest", "..\VideoConferenceTest\VideoConferenceTest.csproj", "{39A2187E-E23C-47E9-A27F-1FC1543B1227}"
EndProject
Global
	GlobalSection(SolutionConfigurationPlatforms) = preSolution
		Debug|Any CPU = Debug|Any CPU
		Release|Any CPU = Release|Any CPU
	EndGlobalSection
	GlobalSection(ProjectConfigurationPlatforms) = postSolution
		{A79C4DDE-7B91-4FEF-BCDE-555040426D95}.Debug|Any CPU.ActiveCfg = Debug|Any CPU
		{A79C4DDE-7B91-4FEF-BCDE-555040426D95}.Debug|Any CPU.Build.0 = Debug|Any CPU
		{A79C4DDE-7B91-4FEF-BCDE-555040426D95}.Release|Any CPU.ActiveCfg = Release|Any CPU
		{A79C4DDE-7B91-4FEF-BCDE-555040426D95}.Release|Any CPU.Build.0 = Release|Any CPU
		{39A2187E-E23C-47E9-A27F-1FC1543B1227}.Debug|Any CPU.ActiveCfg = Debug|Any CPU
		{39A2187E-E23C-47E9-A27F-1FC1543B1227}.Debug|Any CPU.Build.0 = Debug|Any CPU
		{39A2187E-E23C-47E9-A27F-1FC1543B1227}.Release|Any CPU.ActiveCfg = Release|Any CPU
		{39A2187E-E23C-47E9-A27F-1FC1543B1227}.Release|Any CPU.Build.0 = Release|Any CPU
	EndGlobalSection
	GlobalSection(SolutionProperties) = preSolution
		HideSolutionNode = FALSE
	EndGlobalSection
	GlobalSection(ExtensibilityGlobals) = postSolution
		SolutionGuid = {D4BB8F18-D826-442C-9F4D-8C8DF679456D}
	EndGlobalSection
EndGlobal
